
Microsoft Visual Studio Solution File, Format Version 12.00
# Visual Studio Version 17
VisualStudioVersion = 17.3.32811.315
MinimumVisualStudioVersion = 10.0.40219.1
Project("{FAE04EC0-301F-11D3-BF4B-00C04F79EFBC}") = "QuanLyThuVien", "QuanLyThuVien\QuanLyThuVien.csproj", "{8C4651DD-424D-43F5-9298-B6741C811FF9}"
EndProject
Global
	GlobalSection(SolutionConfigurationPlatforms) = preSolution
		Debug|Any CPU = Debug|Any CPU
		Release|Any CPU = Release|Any CPU
	EndGlobalSection
	GlobalSection(ProjectConfigurationPlatforms) = postSolution
		{8C4651DD-424D-43F5-9298-B6741C811FF9}.Debug|Any CPU.ActiveCfg = Debug|Any CPU
		{8C4651DD-424D-43F5-9298-B6741C811FF9}.Debug|Any CPU.Build.0 = Debug|Any CPU
		{8C4651DD-424D-43F5-9298-B6741C811FF9}.Release|Any CPU.ActiveCfg = Release|Any CPU
		{8C4651DD-424D-43F5-9298-B6741C811FF9}.Release|Any CPU.Build.0 = Release|Any CPU
	EndGlobalSection
	GlobalSection(SolutionProperties) = preSolution
		HideSolutionNode = FALSE
	EndGlobalSection
	GlobalSection(ExtensibilityGlobals) = postSolution
		SolutionGuid = {78C8E407-AF6E-438C-954F-C483745B89D9}
	EndGlobalSection
EndGlobal
